
Microsoft Visual Studio Solution File, Format Version 12.00
# Visual Studio Version 16
VisualStudioVersion = 16.0.31313.79
MinimumVisualStudioVersion = 10.0.40219.1
Project("{FAE04EC0-301F-11D3-BF4B-00C04F79EFBC}") = "Exercicio_CaracteresETextos2", "Exercicio_CaracteresETextos2.csproj", "{2956AD4E-2291-4158-B9E1-C5E020DD80CA}"
EndProject
Global
	GlobalSection(SolutionConfigurationPlatforms) = preSolution
		Debug|Any CPU = Debug|Any CPU
		Release|Any CPU = Release|Any CPU
	EndGlobalSection
	GlobalSection(ProjectConfigurationPlatforms) = postSolution
		{2956AD4E-2291-4158-B9E1-C5E020DD80CA}.Debug|Any CPU.ActiveCfg = Debug|Any CPU
		{2956AD4E-2291-4158-B9E1-C5E020DD80CA}.Debug|Any CPU.Build.0 = Debug|Any CPU
		{2956AD4E-2291-4158-B9E1-C5E020DD80CA}.Release|Any CPU.ActiveCfg = Release|Any CPU
		{2956AD4E-2291-4158-B9E1-C5E020DD80CA}.Release|Any CPU.Build.0 = Release|Any CPU
	EndGlobalSection
	GlobalSection(SolutionProperties) = preSolution
		HideSolutionNode = FALSE
	EndGlobalSection
	GlobalSection(ExtensibilityGlobals) = postSolution
		SolutionGuid = {CEEB60FA-2B93-4946-91AD-60FF2B355A06}
	EndGlobalSection
EndGlobal
